
Microsoft Visual Studio Solution File, Format Version 12.00
# Visual Studio Version 17
VisualStudioVersion = 17.9.34622.214
MinimumVisualStudioVersion = 10.0.40219.1
Project("{FAE04EC0-301F-11D3-BF4B-00C04F79EFBC}") = "Currect password", "Currect password\Currect password.csproj", "{8BE7B349-0426-4F99-AF7B-F941FE234C1D}"
EndProject
Global
	GlobalSection(SolutionConfigurationPlatforms) = preSolution
		Debug|Any CPU = Debug|Any CPU
		Release|Any CPU = Release|Any CPU
	EndGlobalSection
	GlobalSection(ProjectConfigurationPlatforms) = postSolution
		{8BE7B349-0426-4F99-AF7B-F941FE234C1D}.Debug|Any CPU.ActiveCfg = Debug|Any CPU
		{8BE7B349-0426-4F99-AF7B-F941FE234C1D}.Debug|Any CPU.Build.0 = Debug|Any CPU
		{8BE7B349-0426-4F99-AF7B-F941FE234C1D}.Release|Any CPU.ActiveCfg = Release|Any CPU
		{8BE7B349-0426-4F99-AF7B-F941FE234C1D}.Release|Any CPU.Build.0 = Release|Any CPU
	EndGlobalSection
	GlobalSection(SolutionProperties) = preSolution
		HideSolutionNode = FALSE
	EndGlobalSection
	GlobalSection(ExtensibilityGlobals) = postSolution
		SolutionGuid = {6C73A4F9-E622-42C0-A321-B0A8EC408E8E}
	EndGlobalSection
EndGlobal
